<?xml version="1.0" encoding="utf-8"?>
<Project ToolsVersion="4.0" xmlns="http://schemas.microsoft.com/developer/msbuild/2003">
  <ItemGroup>
    <CudaCompile Include="kernel.cu" />
    <CudaCompile Include="gSLIC\engines\gSLIC_seg_engine_GPU.cu">
      <Filter>gSLIC\engines</Filter>
    </CudaCompile>
    <CudaCompile Include="Magnitude.cu">
      <Filter>Source Files</Filter>
    </CudaCompile>
  </ItemGroup>
  <ItemGroup>
    <Filter Include="BSDSBench">
      <UniqueIdentifier>{9047359a-7313-4dbf-a081-f46b67f289df}</UniqueIdentifier>
    </Filter>
    <Filter Include="BSDSBench\source">
      <UniqueIdentifier>{d5d1b552-5797-42de-8b80-1d5d49fae43d}</UniqueIdentifier>
    </Filter>
    <Filter Include="FelzenSegment">
      <UniqueIdentifier>{bd261167-8bdc-421c-816d-f25926f60272}</UniqueIdentifier>
    </Filter>
    <Filter Include="ORUtils">
      <UniqueIdentifier>{8b2a0c89-5a55-4394-9cb1-6a346c967cd3}</UniqueIdentifier>
    </Filter>
    <Filter Include="gSLIC">
      <UniqueIdentifier>{16d66883-3f47-4230-a6a3-e9ca75ae3880}</UniqueIdentifier>
    </Filter>
    <Filter Include="gSLIC\engines">
      <UniqueIdentifier>{5becbe03-c70f-4826-be55-702e8da2487a}</UniqueIdentifier>
    </Filter>
    <Filter Include="gSLIC\objects">
      <UniqueIdentifier>{1f902df5-d794-45ca-903f-f7af164904ac}</UniqueIdentifier>
    </Filter>
    <Filter Include="Source Files">
      <UniqueIdentifier>{433ed6d3-b683-4b87-b097-d9f5ce8c9674}</UniqueIdentifier>
    </Filter>
    <Filter Include="Header Files">
      <UniqueIdentifier>{92aee547-d766-47e1-9061-c1d28a496026}</UniqueIdentifier>
    </Filter>
  </ItemGroup>
  <ItemGroup>
    <ClInclude Include="BSDSBench\source\Array.hh">
      <Filter>BSDSBench\source</Filter>
    </ClInclude>
    <ClInclude Include="BSDSBench\source\csa.hh">
      <Filter>BSDSBench\source</Filter>
    </ClInclude>
    <ClInclude Include="BSDSBench\source\csa_defs.h">
      <Filter>BSDSBench\source</Filter>
    </ClInclude>
    <ClInclude Include="BSDSBench\source\csa_types.h">
      <Filter>BSDSBench\source</Filter>
    </ClInclude>
    <ClInclude Include="BSDSBench\source\Exception.hh">
      <Filter>BSDSBench\source</Filter>
    </ClInclude>
    <ClInclude Include="BSDSBench\source\ieee_754.h">
      <Filter>BSDSBench\source</Filter>
    </ClInclude>
    <ClInclude Include="BSDSBench\source\kofn.hh">
      <Filter>BSDSBench\source</Filter>
    </ClInclude>
    <ClInclude Include="BSDSBench\source\match.hh">
      <Filter>BSDSBench\source</Filter>
    </ClInclude>
    <ClInclude Include="BSDSBench\source\Matrix.hh">
      <Filter>BSDSBench\source</Filter>
    </ClInclude>
    <ClInclude Include="BSDSBench\source\Point.hh">
      <Filter>BSDSBench\source</Filter>
    </ClInclude>
    <ClInclude Include="BSDSBench\source\Random.hh">
      <Filter>BSDSBench\source</Filter>
    </ClInclude>
    <ClInclude Include="BSDSBench\source\Sort.hh">
      <Filter>BSDSBench\source</Filter>
    </ClInclude>
    <ClInclude Include="BSDSBench\source\String.hh">
      <Filter>BSDSBench\source</Filter>
    </ClInclude>
    <ClInclude Include="BSDSBench\Bench.h">
      <Filter>BSDSBench</Filter>
    </ClInclude>
    <ClInclude Include="FelzenSegment\convolve.h">
      <Filter>FelzenSegment</Filter>
    </ClInclude>
    <ClInclude Include="FelzenSegment\disjoint-set.h">
      <Filter>FelzenSegment</Filter>
    </ClInclude>
    <ClInclude Include="FelzenSegment\filter.h">
      <Filter>FelzenSegment</Filter>
    </ClInclude>
    <ClInclude Include="FelzenSegment\image.h">
      <Filter>FelzenSegment</Filter>
    </ClInclude>
    <ClInclude Include="FelzenSegment\segment-image.h">
      <Filter>FelzenSegment</Filter>
    </ClInclude>
    <ClInclude Include="ORUtils\Cholesky.h">
      <Filter>ORUtils</Filter>
    </ClInclude>
    <ClInclude Include="ORUtils\CUDADefines.h">
      <Filter>ORUtils</Filter>
    </ClInclude>
    <ClInclude Include="ORUtils\Image.h">
      <Filter>ORUtils</Filter>
    </ClInclude>
    <ClInclude Include="ORUtils\LexicalCast.h">
      <Filter>ORUtils</Filter>
    </ClInclude>
    <ClInclude Include="ORUtils\MathUtils.h">
      <Filter>ORUtils</Filter>
    </ClInclude>
    <ClInclude Include="ORUtils\Matrix.h">
      <Filter>ORUtils</Filter>
    </ClInclude>
    <ClInclude Include="ORUtils\MemoryBlock.h">
      <Filter>ORUtils</Filter>
    </ClInclude>
    <ClInclude Include="ORUtils\MemoryBlockPersister.h">
      <Filter>ORUtils</Filter>
    </ClInclude>
    <ClInclude Include="ORUtils\MetalContext.h">
      <Filter>ORUtils</Filter>
    </ClInclude>
    <ClInclude Include="ORUtils\PlatformIndependence.h">
      <Filter>ORUtils</Filter>
    </ClInclude>
    <ClInclude Include="ORUtils\Vector.h">
      <Filter>ORUtils</Filter>
    </ClInclude>
    <ClInclude Include="gSLIC\gSLIC.h">
      <Filter>gSLIC</Filter>
    </ClInclude>
    <ClInclude Include="gSLIC\gSLIC_defines.h">
      <Filter>gSLIC</Filter>
    </ClInclude>
    <ClInclude Include="gSLIC\engines\gSLIC_core_engine.h">
      <Filter>gSLIC\engines</Filter>
    </ClInclude>
    <ClInclude Include="gSLIC\engines\gSLIC_seg_engine.h">
      <Filter>gSLIC\engines</Filter>
    </ClInclude>
    <ClInclude Include="gSLIC\engines\gSLIC_seg_engine_GPU.h">
      <Filter>gSLIC\engines</Filter>
    </ClInclude>
    <ClInclude Include="gSLIC\engines\gSLIC_seg_engine_shared.h">
      <Filter>gSLIC\engines</Filter>
    </ClInclude>
    <ClInclude Include="gSLIC\objects\gSLIC_settings.h">
      <Filter>gSLIC\objects</Filter>
    </ClInclude>
    <ClInclude Include="gSLIC\objects\gSLIC_spixel_info.h">
      <Filter>gSLIC\objects</Filter>
    </ClInclude>
    <ClInclude Include="CmFile.h">
      <Filter>Header Files</Filter>
    </ClInclude>
    <ClInclude Include="CmIllu.h">
      <Filter>Header Files</Filter>
    </ClInclude>
    <ClInclude Include="DataSet.h">
      <Filter>Header Files</Filter>
    </ClInclude>
    <ClInclude Include="HFSSegment.h">
      <Filter>Header Files</Filter>
    </ClInclude>
    <ClInclude Include="Magnitude.h">
      <Filter>Header Files</Filter>
    </ClInclude>
    <ClInclude Include="NVTimer.h">
      <Filter>Header Files</Filter>
    </ClInclude>
    <ClInclude Include="Stdafx.h">
      <Filter>Header Files</Filter>
    </ClInclude>
    <ClInclude Include="Texture.h">
      <Filter>Header Files</Filter>
    </ClInclude>
  </ItemGroup>
  <ItemGroup>
    <ClCompile Include="BSDSBench\source\correspondPixels.cc">
      <Filter>BSDSBench\source</Filter>
    </ClCompile>
    <ClCompile Include="BSDSBench\source\csa.cc">
      <Filter>BSDSBench\source</Filter>
    </ClCompile>
    <ClCompile Include="BSDSBench\source\Exception.cc">
      <Filter>BSDSBench\source</Filter>
    </ClCompile>
    <ClCompile Include="BSDSBench\source\kofn.cc">
      <Filter>BSDSBench\source</Filter>
    </ClCompile>
    <ClCompile Include="BSDSBench\source\match.cc">
      <Filter>BSDSBench\source</Filter>
    </ClCompile>
    <ClCompile Include="BSDSBench\source\Matrix.cc">
      <Filter>BSDSBench\source</Filter>
    </ClCompile>
    <ClCompile Include="BSDSBench\source\Random.cc">
      <Filter>BSDSBench\source</Filter>
    </ClCompile>
    <ClCompile Include="BSDSBench\source\String.cc">
      <Filter>BSDSBench\source</Filter>
    </ClCompile>
    <ClCompile Include="BSDSBench\AllBench.cpp">
      <Filter>BSDSBench</Filter>
    </ClCompile>
    <ClCompile Include="BSDSBench\BoundaryBench.cpp">
      <Filter>BSDSBench</Filter>
    </ClCompile>
    <ClCompile Include="BSDSBench\RegionBench.cpp">
      <Filter>BSDSBench</Filter>
    </ClCompile>
    <ClCompile Include="BSDSBench\Utils.cpp">
      <Filter>BSDSBench</Filter>
    </ClCompile>
    <ClCompile Include="FelzenSegment\segment-image.cpp">
      <Filter>FelzenSegment</Filter>
    </ClCompile>
    <ClCompile Include="gSLIC\engines\gSLIC_core_engine.cpp">
      <Filter>gSLIC\engines</Filter>
    </ClCompile>
    <ClCompile Include="gSLIC\engines\gSLIC_seg_engine.cpp">
      <Filter>gSLIC\engines</Filter>
    </ClCompile>
    <ClCompile Include="CmFile.cpp">
      <Filter>Source Files</Filter>
    </ClCompile>
    <ClCompile Include="HFSSegment.cpp">
      <Filter>Source Files</Filter>
    </ClCompile>
    <ClCompile Include="Texture.cpp">
      <Filter>Source Files</Filter>
    </ClCompile>
  </ItemGroup>
</Project>